
Microsoft Visual Studio Solution File, Format Version 12.00
# Visual Studio Version 17
VisualStudioVersion = 17.0.31825.309
MinimumVisualStudioVersion = 10.0.40219.1
Project("{9A19103F-16F7-4668-BE54-9A1E7A4F7556}") = "Yapoml.Selenium", "src\Yapoml.Selenium\Yapoml.Selenium.csproj", "{78C58CE4-B91A-4352-AE6D-B4D171B21149}"
EndProject
Project("{2150E333-8FDC-42A3-9474-1A3956D46DE8}") = "sample", "sample", "{3B1D1964-C938-428D-B387-FE2DCC947672}"
EndProject
Project("{9A19103F-16F7-4668-BE54-9A1E7A4F7556}") = "Yapoml.Selenium.Sample", "sample\Yapoml.Selenium.Sample\Yapoml.Selenium.Sample.csproj", "{F2F04FD0-10AB-4E69-961F-F2435E751AE4}"
EndProject
Project("{9A19103F-16F7-4668-BE54-9A1E7A4F7556}") = "Yapoml.Selenium.Extensions", "src\Yapoml.Selenium.Extensions\Yapoml.Selenium.Extensions.csproj", "{B714C151-F110-43F2-9491-86D421051DC2}"
EndProject
Global
	GlobalSection(SolutionConfigurationPlatforms) = preSolution
		Debug|Any CPU = Debug|Any CPU
		Debug|x64 = Debug|x64
		Debug|x86 = Debug|x86
		Release|Any CPU = Release|Any CPU
		Release|x64 = Release|x64
		Release|x86 = Release|x86
	EndGlobalSection
	GlobalSection(ProjectConfigurationPlatforms) = postSolution
		{78C58CE4-B91A-4352-AE6D-B4D171B21149}.Debug|Any CPU.ActiveCfg = Debug|Any CPU
		{78C58CE4-B91A-4352-AE6D-B4D171B21149}.Debug|Any CPU.Build.0 = Debug|Any CPU
		{78C58CE4-B91A-4352-AE6D-B4D171B21149}.Debug|x64.ActiveCfg = Debug|Any CPU
		{78C58CE4-B91A-4352-AE6D-B4D171B21149}.Debug|x64.Build.0 = Debug|Any CPU
		{78C58CE4-B91A-4352-AE6D-B4D171B21149}.Debug|x86.ActiveCfg = Debug|Any CPU
		{78C58CE4-B91A-4352-AE6D-B4D171B21149}.Debug|x86.Build.0 = Debug|Any CPU
		{78C58CE4-B91A-4352-AE6D-B4D171B21149}.Release|Any CPU.ActiveCfg = Release|Any CPU
		{78C58CE4-B91A-4352-AE6D-B4D171B21149}.Release|Any CPU.Build.0 = Release|Any CPU
		{78C58CE4-B91A-4352-AE6D-B4D171B21149}.Release|x64.ActiveCfg = Release|Any CPU
		{78C58CE4-B91A-4352-AE6D-B4D171B21149}.Release|x64.Build.0 = Release|Any CPU
		{78C58CE4-B91A-4352-AE6D-B4D171B21149}.Release|x86.ActiveCfg = Release|Any CPU
		{78C58CE4-B91A-4352-AE6D-B4D171B21149}.Release|x86.Build.0 = Release|Any CPU
		{F2F04FD0-10AB-4E69-961F-F2435E751AE4}.Debug|Any CPU.ActiveCfg = Debug|Any CPU
		{F2F04FD0-10AB-4E69-961F-F2435E751AE4}.Debug|Any CPU.Build.0 = Debug|Any CPU
		{F2F04FD0-10AB-4E69-961F-F2435E751AE4}.Debug|x64.ActiveCfg = Debug|Any CPU
		{F2F04FD0-10AB-4E69-961F-F2435E751AE4}.Debug|x64.Build.0 = Debug|Any CPU
		{F2F04FD0-10AB-4E69-961F-F2435E751AE4}.Debug|x86.ActiveCfg = Debug|Any CPU
		{F2F04FD0-10AB-4E69-961F-F2435E751AE4}.Debug|x86.Build.0 = Debug|Any CPU
		{F2F04FD0-10AB-4E69-961F-F2435E751AE4}.Release|Any CPU.ActiveCfg = Release|Any CPU
		{F2F04FD0-10AB-4E69-961F-F2435E751AE4}.Release|Any CPU.Build.0 = Release|Any CPU
		{F2F04FD0-10AB-4E69-961F-F2435E751AE4}.Release|x64.ActiveCfg = Release|Any CPU
		{F2F04FD0-10AB-4E69-961F-F2435E751AE4}.Release|x64.Build.0 = Release|Any CPU
		{F2F04FD0-10AB-4E69-961F-F2435E751AE4}.Release|x86.ActiveCfg = Release|Any CPU
		{F2F04FD0-10AB-4E69-961F-F2435E751AE4}.Release|x86.Build.0 = Release|Any CPU
		{B714C151-F110-43F2-9491-86D421051DC2}.Debug|Any CPU.ActiveCfg = Debug|Any CPU
		{B714C151-F110-43F2-9491-86D421051DC2}.Debug|Any CPU.Build.0 = Debug|Any CPU
		{B714C151-F110-43F2-9491-86D421051DC2}.Debug|x64.ActiveCfg = Debug|Any CPU
		{B714C151-F110-43F2-9491-86D421051DC2}.Debug|x64.Build.0 = Debug|Any CPU
		{B714C151-F110-43F2-9491-86D421051DC2}.Debug|x86.ActiveCfg = Debug|Any CPU
		{B714C151-F110-43F2-9491-86D421051DC2}.Debug|x86.Build.0 = Debug|Any CPU
		{B714C151-F110-43F2-9491-86D421051DC2}.Release|Any CPU.ActiveCfg = Release|Any CPU
		{B714C151-F110-43F2-9491-86D421051DC2}.Release|Any CPU.Build.0 = Release|Any CPU
		{B714C151-F110-43F2-9491-86D421051DC2}.Release|x64.ActiveCfg = Release|Any CPU
		{B714C151-F110-43F2-9491-86D421051DC2}.Release|x64.Build.0 = Release|Any CPU
		{B714C151-F110-43F2-9491-86D421051DC2}.Release|x86.ActiveCfg = Release|Any CPU
		{B714C151-F110-43F2-9491-86D421051DC2}.Release|x86.Build.0 = Release|Any CPU
	EndGlobalSection
	GlobalSection(SolutionProperties) = preSolution
		HideSolutionNode = FALSE
	EndGlobalSection
	GlobalSection(NestedProjects) = preSolution
		{F2F04FD0-10AB-4E69-961F-F2435E751AE4} = {3B1D1964-C938-428D-B387-FE2DCC947672}
	EndGlobalSection
	GlobalSection(ExtensibilityGlobals) = postSolution
		SolutionGuid = {BE5EBFB9-D0AA-48E8-91D2-ED421E7164C0}
	EndGlobalSection
EndGlobal
