
Microsoft Visual Studio Solution File, Format Version 12.00
# Visual Studio Version 17
VisualStudioVersion = 17.0.31825.309
MinimumVisualStudioVersion = 10.0.40219.1
Project("{9A19103F-16F7-4668-BE54-9A1E7A4F7556}") = "Yapoml.Selenium", "src\Yapoml.Selenium\Yapoml.Selenium.csproj", "{78C58CE4-B91A-4352-AE6D-B4D171B21149}"
EndProject
Project("{2150E333-8FDC-42A3-9474-1A3956D46DE8}") = "sample", "sample", "{3B1D1964-C938-428D-B387-FE2DCC947672}"
EndProject
Project("{9A19103F-16F7-4668-BE54-9A1E7A4F7556}") = "Yapoml.Selenium.Sample", "sample\Yapoml.Selenium.Sample\Yapoml.Selenium.Sample.csproj", "{F2F04FD0-10AB-4E69-961F-F2435E751AE4}"
EndProject
Project("{2150E333-8FDC-42A3-9474-1A3956D46DE8}") = "test", "test", "{3F9E8B3F-7A84-4328-BEA6-49DF5C766AFD}"
EndProject
Project("{9A19103F-16F7-4668-BE54-9A1E7A4F7556}") = "Yapoml.Selenium.Test", "test\Yapoml.Selenium.Test\Yapoml.Selenium.Test.csproj", "{E7FBC744-4459-4DF1-80E4-B632CE04F0DA}"
EndProject
Project("{9A19103F-16F7-4668-BE54-9A1E7A4F7556}") = "Yapoml.Selenium.Benchmark", "test\Yapoml.Selenium.Benchmark\Yapoml.Selenium.Benchmark.csproj", "{EFE7B1FD-77EE-42CF-923A-B3BBA9B1526C}"
EndProject
Project("{9A19103F-16F7-4668-BE54-9A1E7A4F7556}") = "Yapoml.Selenium.SourceGeneration", "src\Yapoml.Selenium.SourceGeneration\Yapoml.Selenium.SourceGeneration.csproj", "{0322A0AD-5F5B-4E40-AD81-924809F641AC}"
EndProject
Global
	GlobalSection(SolutionConfigurationPlatforms) = preSolution
		Debug|Any CPU = Debug|Any CPU
		Debug|x64 = Debug|x64
		Debug|x86 = Debug|x86
		Release|Any CPU = Release|Any CPU
		Release|x64 = Release|x64
		Release|x86 = Release|x86
	EndGlobalSection
	GlobalSection(ProjectConfigurationPlatforms) = postSolution
		{78C58CE4-B91A-4352-AE6D-B4D171B21149}.Debug|Any CPU.ActiveCfg = Debug|Any CPU
		{78C58CE4-B91A-4352-AE6D-B4D171B21149}.Debug|Any CPU.Build.0 = Debug|Any CPU
		{78C58CE4-B91A-4352-AE6D-B4D171B21149}.Debug|x64.ActiveCfg = Debug|Any CPU
		{78C58CE4-B91A-4352-AE6D-B4D171B21149}.Debug|x64.Build.0 = Debug|Any CPU
		{78C58CE4-B91A-4352-AE6D-B4D171B21149}.Debug|x86.ActiveCfg = Debug|Any CPU
		{78C58CE4-B91A-4352-AE6D-B4D171B21149}.Debug|x86.Build.0 = Debug|Any CPU
		{78C58CE4-B91A-4352-AE6D-B4D171B21149}.Release|Any CPU.ActiveCfg = Release|Any CPU
		{78C58CE4-B91A-4352-AE6D-B4D171B21149}.Release|Any CPU.Build.0 = Release|Any CPU
		{78C58CE4-B91A-4352-AE6D-B4D171B21149}.Release|x64.ActiveCfg = Release|Any CPU
		{78C58CE4-B91A-4352-AE6D-B4D171B21149}.Release|x64.Build.0 = Release|Any CPU
		{78C58CE4-B91A-4352-AE6D-B4D171B21149}.Release|x86.ActiveCfg = Release|Any CPU
		{78C58CE4-B91A-4352-AE6D-B4D171B21149}.Release|x86.Build.0 = Release|Any CPU
		{F2F04FD0-10AB-4E69-961F-F2435E751AE4}.Debug|Any CPU.ActiveCfg = Debug|Any CPU
		{F2F04FD0-10AB-4E69-961F-F2435E751AE4}.Debug|Any CPU.Build.0 = Debug|Any CPU
		{F2F04FD0-10AB-4E69-961F-F2435E751AE4}.Debug|x64.ActiveCfg = Debug|Any CPU
		{F2F04FD0-10AB-4E69-961F-F2435E751AE4}.Debug|x64.Build.0 = Debug|Any CPU
		{F2F04FD0-10AB-4E69-961F-F2435E751AE4}.Debug|x86.ActiveCfg = Debug|Any CPU
		{F2F04FD0-10AB-4E69-961F-F2435E751AE4}.Debug|x86.Build.0 = Debug|Any CPU
		{F2F04FD0-10AB-4E69-961F-F2435E751AE4}.Release|Any CPU.ActiveCfg = Release|Any CPU
		{F2F04FD0-10AB-4E69-961F-F2435E751AE4}.Release|Any CPU.Build.0 = Release|Any CPU
		{F2F04FD0-10AB-4E69-961F-F2435E751AE4}.Release|x64.ActiveCfg = Release|Any CPU
		{F2F04FD0-10AB-4E69-961F-F2435E751AE4}.Release|x64.Build.0 = Release|Any CPU
		{F2F04FD0-10AB-4E69-961F-F2435E751AE4}.Release|x86.ActiveCfg = Release|Any CPU
		{F2F04FD0-10AB-4E69-961F-F2435E751AE4}.Release|x86.Build.0 = Release|Any CPU
		{E7FBC744-4459-4DF1-80E4-B632CE04F0DA}.Debug|Any CPU.ActiveCfg = Debug|Any CPU
		{E7FBC744-4459-4DF1-80E4-B632CE04F0DA}.Debug|Any CPU.Build.0 = Debug|Any CPU
		{E7FBC744-4459-4DF1-80E4-B632CE04F0DA}.Debug|x64.ActiveCfg = Debug|Any CPU
		{E7FBC744-4459-4DF1-80E4-B632CE04F0DA}.Debug|x64.Build.0 = Debug|Any CPU
		{E7FBC744-4459-4DF1-80E4-B632CE04F0DA}.Debug|x86.ActiveCfg = Debug|Any CPU
		{E7FBC744-4459-4DF1-80E4-B632CE04F0DA}.Debug|x86.Build.0 = Debug|Any CPU
		{E7FBC744-4459-4DF1-80E4-B632CE04F0DA}.Release|Any CPU.ActiveCfg = Release|Any CPU
		{E7FBC744-4459-4DF1-80E4-B632CE04F0DA}.Release|Any CPU.Build.0 = Release|Any CPU
		{E7FBC744-4459-4DF1-80E4-B632CE04F0DA}.Release|x64.ActiveCfg = Release|Any CPU
		{E7FBC744-4459-4DF1-80E4-B632CE04F0DA}.Release|x64.Build.0 = Release|Any CPU
		{E7FBC744-4459-4DF1-80E4-B632CE04F0DA}.Release|x86.ActiveCfg = Release|Any CPU
		{E7FBC744-4459-4DF1-80E4-B632CE04F0DA}.Release|x86.Build.0 = Release|Any CPU
		{EFE7B1FD-77EE-42CF-923A-B3BBA9B1526C}.Debug|Any CPU.ActiveCfg = Debug|Any CPU
		{EFE7B1FD-77EE-42CF-923A-B3BBA9B1526C}.Debug|Any CPU.Build.0 = Debug|Any CPU
		{EFE7B1FD-77EE-42CF-923A-B3BBA9B1526C}.Debug|x64.ActiveCfg = Debug|Any CPU
		{EFE7B1FD-77EE-42CF-923A-B3BBA9B1526C}.Debug|x64.Build.0 = Debug|Any CPU
		{EFE7B1FD-77EE-42CF-923A-B3BBA9B1526C}.Debug|x86.ActiveCfg = Debug|Any CPU
		{EFE7B1FD-77EE-42CF-923A-B3BBA9B1526C}.Debug|x86.Build.0 = Debug|Any CPU
		{EFE7B1FD-77EE-42CF-923A-B3BBA9B1526C}.Release|Any CPU.ActiveCfg = Release|Any CPU
		{EFE7B1FD-77EE-42CF-923A-B3BBA9B1526C}.Release|Any CPU.Build.0 = Release|Any CPU
		{EFE7B1FD-77EE-42CF-923A-B3BBA9B1526C}.Release|x64.ActiveCfg = Release|Any CPU
		{EFE7B1FD-77EE-42CF-923A-B3BBA9B1526C}.Release|x64.Build.0 = Release|Any CPU
		{EFE7B1FD-77EE-42CF-923A-B3BBA9B1526C}.Release|x86.ActiveCfg = Release|Any CPU
		{EFE7B1FD-77EE-42CF-923A-B3BBA9B1526C}.Release|x86.Build.0 = Release|Any CPU
		{0322A0AD-5F5B-4E40-AD81-924809F641AC}.Debug|Any CPU.ActiveCfg = Debug|Any CPU
		{0322A0AD-5F5B-4E40-AD81-924809F641AC}.Debug|Any CPU.Build.0 = Debug|Any CPU
		{0322A0AD-5F5B-4E40-AD81-924809F641AC}.Debug|x64.ActiveCfg = Debug|Any CPU
		{0322A0AD-5F5B-4E40-AD81-924809F641AC}.Debug|x64.Build.0 = Debug|Any CPU
		{0322A0AD-5F5B-4E40-AD81-924809F641AC}.Debug|x86.ActiveCfg = Debug|Any CPU
		{0322A0AD-5F5B-4E40-AD81-924809F641AC}.Debug|x86.Build.0 = Debug|Any CPU
		{0322A0AD-5F5B-4E40-AD81-924809F641AC}.Release|Any CPU.ActiveCfg = Release|Any CPU
		{0322A0AD-5F5B-4E40-AD81-924809F641AC}.Release|Any CPU.Build.0 = Release|Any CPU
		{0322A0AD-5F5B-4E40-AD81-924809F641AC}.Release|x64.ActiveCfg = Release|Any CPU
		{0322A0AD-5F5B-4E40-AD81-924809F641AC}.Release|x64.Build.0 = Release|Any CPU
		{0322A0AD-5F5B-4E40-AD81-924809F641AC}.Release|x86.ActiveCfg = Release|Any CPU
		{0322A0AD-5F5B-4E40-AD81-924809F641AC}.Release|x86.Build.0 = Release|Any CPU
	EndGlobalSection
	GlobalSection(SolutionProperties) = preSolution
		HideSolutionNode = FALSE
	EndGlobalSection
	GlobalSection(NestedProjects) = preSolution
		{F2F04FD0-10AB-4E69-961F-F2435E751AE4} = {3B1D1964-C938-428D-B387-FE2DCC947672}
		{E7FBC744-4459-4DF1-80E4-B632CE04F0DA} = {3F9E8B3F-7A84-4328-BEA6-49DF5C766AFD}
		{EFE7B1FD-77EE-42CF-923A-B3BBA9B1526C} = {3F9E8B3F-7A84-4328-BEA6-49DF5C766AFD}
	EndGlobalSection
	GlobalSection(ExtensibilityGlobals) = postSolution
		SolutionGuid = {BE5EBFB9-D0AA-48E8-91D2-ED421E7164C0}
	EndGlobalSection
EndGlobal
